<?xml version="1.0" encoding="UTF-8" standalone="yes" ?>
<CodeBlocks_project_file>
   <FileVersion major="1" minor="6" />
   <Project>
      <Option title="Assign1" />
      <Option makefile_is_custom="1" />
      <Option compiler="gcc" />
      <Option virtualFolders="CMake Files\;" />
      <Build>
      <Target title="all">
         <Option working_dir="/home/ben/Documents/ProgMech/Assignment 1" />
         <Option type="4" />
         <MakeCommands>
            <Build command="/usr/bin/make -f &quot;/home/ben/Documents/ProgMech/Assignment\ 1/Makefile&quot;  VERBOSE=1 all" />
            <CompileFile command="/usr/bin/make -f &quot;/home/ben/Documents/ProgMech/Assignment\ 1/Makefile&quot;  VERBOSE=1 &quot;$file&quot;" />
            <Clean command="/usr/bin/make -f &quot;/home/ben/Documents/ProgMech/Assignment\ 1/Makefile&quot;  VERBOSE=1 clean" />
            <DistClean command="/usr/bin/make -f &quot;/home/ben/Documents/ProgMech/Assignment\ 1/Makefile&quot;  VERBOSE=1 clean" />
         </MakeCommands>
      </Target>
      <Target title="Assign1">
         <Option output="/home/ben/Documents/ProgMech/Assignment 1/Assign1" prefix_auto="0" extension_auto="0" />
         <Option working_dir="/home/ben/Documents/ProgMech/Assignment 1" />
         <Option object_output="./" />
         <Option type="1" />
         <Option compiler="gcc" />
         <Compiler>
            <Add directory="/usr/include" />
            <Add directory="/usr/include/c++/4.8" />
            <Add directory="/usr/include/c++/4.8/backward" />
            <Add directory="/usr/include/i386-linux-gnu" />
            <Add directory="/usr/include/i386-linux-gnu/c++/4.8" />
            <Add directory="/usr/lib/gcc/i686-linux-gnu/4.8/include" />
            <Add directory="/usr/lib/gcc/i686-linux-gnu/4.8/include-fixed" />
            <Add directory="/usr/local/include" />
         </Compiler>
         <MakeCommands>
            <Build command="/usr/bin/make -f &quot;/home/ben/Documents/ProgMech/Assignment\ 1/Makefile&quot;  VERBOSE=1 Assign1" />
            <CompileFile command="/usr/bin/make -f &quot;/home/ben/Documents/ProgMech/Assignment\ 1/Makefile&quot;  VERBOSE=1 &quot;$file&quot;" />
            <Clean command="/usr/bin/make -f &quot;/home/ben/Documents/ProgMech/Assignment\ 1/Makefile&quot;  VERBOSE=1 clean" />
            <DistClean command="/usr/bin/make -f &quot;/home/ben/Documents/ProgMech/Assignment\ 1/Makefile&quot;  VERBOSE=1 clean" />
         </MakeCommands>
      </Target>
      <Target title="Assign1/fast">
         <Option output="/home/ben/Documents/ProgMech/Assignment 1/Assign1" prefix_auto="0" extension_auto="0" />
         <Option working_dir="/home/ben/Documents/ProgMech/Assignment 1" />
         <Option object_output="./" />
         <Option type="1" />
         <Option compiler="gcc" />
         <Compiler>
            <Add directory="/usr/include" />
            <Add directory="/usr/include/c++/4.8" />
            <Add directory="/usr/include/c++/4.8/backward" />
            <Add directory="/usr/include/i386-linux-gnu" />
            <Add directory="/usr/include/i386-linux-gnu/c++/4.8" />
            <Add directory="/usr/lib/gcc/i686-linux-gnu/4.8/include" />
            <Add directory="/usr/lib/gcc/i686-linux-gnu/4.8/include-fixed" />
            <Add directory="/usr/local/include" />
         </Compiler>
         <MakeCommands>
            <Build command="/usr/bin/make -f &quot;/home/ben/Documents/ProgMech/Assignment\ 1/Makefile&quot;  VERBOSE=1 Assign1/fast" />
            <CompileFile command="/usr/bin/make -f &quot;/home/ben/Documents/ProgMech/Assignment\ 1/Makefile&quot;  VERBOSE=1 &quot;$file&quot;" />
            <Clean command="/usr/bin/make -f &quot;/home/ben/Documents/ProgMech/Assignment\ 1/Makefile&quot;  VERBOSE=1 clean" />
            <DistClean command="/usr/bin/make -f &quot;/home/ben/Documents/ProgMech/Assignment\ 1/Makefile&quot;  VERBOSE=1 clean" />
         </MakeCommands>
      </Target>
      <Target title="rebuild_cache">
         <Option working_dir="/home/ben/Documents/ProgMech/Assignment 1" />
         <Option type="4" />
         <MakeCommands>
            <Build command="/usr/bin/make -f &quot;/home/ben/Documents/ProgMech/Assignment\ 1/Makefile&quot;  VERBOSE=1 rebuild_cache" />
            <CompileFile command="/usr/bin/make -f &quot;/home/ben/Documents/ProgMech/Assignment\ 1/Makefile&quot;  VERBOSE=1 &quot;$file&quot;" />
            <Clean command="/usr/bin/make -f &quot;/home/ben/Documents/ProgMech/Assignment\ 1/Makefile&quot;  VERBOSE=1 clean" />
            <DistClean command="/usr/bin/make -f &quot;/home/ben/Documents/ProgMech/Assignment\ 1/Makefile&quot;  VERBOSE=1 clean" />
         </MakeCommands>
      </Target>
      </Build>
      <Unit filename="/home/ben/Documents/ProgMech/Assignment 1/Assign1.cpp">
      </Unit>
      <Unit filename="/home/ben/Documents/ProgMech/Assignment 1/sensor.cpp">
      </Unit>
      <Unit filename="/home/ben/Documents/ProgMech/Assignment 1/sensor.h">
      </Unit>
      <Unit filename="/home/ben/Documents/ProgMech/Assignment 1/CMakeLists.txt">
          <Option virtualFolder="CMake Files\" />
      </Unit>
   </Project>
</CodeBlocks_project_file>
