<?xml version="1.0" encoding="UTF-8" standalone="yes" ?>
<CodeBlocks_project_file>
   <FileVersion major="1" minor="6" />
   <Project>
      <Option title="Assignment1" />
      <Option makefile_is_custom="1" />
      <Option compiler="gcc" />
      <Option virtualFolders="CMake Files\;" />
      <Build>
      <Target title="all">
         <Option working_dir="/lu1/smagri/uni/subj/pms/assignments/qt/ass1-build" />
         <Option type="4" />
         <MakeCommands>
            <Build command="/usr/bin/make -f &quot;/lu1/smagri/uni/subj/pms/assignments/qt/ass1-build/Makefile&quot;  VERBOSE=1 all" />
            <CompileFile command="/usr/bin/make -f &quot;/lu1/smagri/uni/subj/pms/assignments/qt/ass1-build/Makefile&quot;  VERBOSE=1 &quot;$file&quot;" />
            <Clean command="/usr/bin/make -f &quot;/lu1/smagri/uni/subj/pms/assignments/qt/ass1-build/Makefile&quot;  VERBOSE=1 clean" />
            <DistClean command="/usr/bin/make -f &quot;/lu1/smagri/uni/subj/pms/assignments/qt/ass1-build/Makefile&quot;  VERBOSE=1 clean" />
         </MakeCommands>
      </Target>
      <Target title="edit_cache">
         <Option working_dir="/lu1/smagri/uni/subj/pms/assignments/qt/ass1-build" />
         <Option type="4" />
         <MakeCommands>
            <Build command="/usr/bin/make -f &quot;/lu1/smagri/uni/subj/pms/assignments/qt/ass1-build/Makefile&quot;  VERBOSE=1 edit_cache" />
            <CompileFile command="/usr/bin/make -f &quot;/lu1/smagri/uni/subj/pms/assignments/qt/ass1-build/Makefile&quot;  VERBOSE=1 &quot;$file&quot;" />
            <Clean command="/usr/bin/make -f &quot;/lu1/smagri/uni/subj/pms/assignments/qt/ass1-build/Makefile&quot;  VERBOSE=1 clean" />
            <DistClean command="/usr/bin/make -f &quot;/lu1/smagri/uni/subj/pms/assignments/qt/ass1-build/Makefile&quot;  VERBOSE=1 clean" />
         </MakeCommands>
      </Target>
      <Target title="rebuild_cache">
         <Option working_dir="/lu1/smagri/uni/subj/pms/assignments/qt/ass1-build" />
         <Option type="4" />
         <MakeCommands>
            <Build command="/usr/bin/make -f &quot;/lu1/smagri/uni/subj/pms/assignments/qt/ass1-build/Makefile&quot;  VERBOSE=1 rebuild_cache" />
            <CompileFile command="/usr/bin/make -f &quot;/lu1/smagri/uni/subj/pms/assignments/qt/ass1-build/Makefile&quot;  VERBOSE=1 &quot;$file&quot;" />
            <Clean command="/usr/bin/make -f &quot;/lu1/smagri/uni/subj/pms/assignments/qt/ass1-build/Makefile&quot;  VERBOSE=1 clean" />
            <DistClean command="/usr/bin/make -f &quot;/lu1/smagri/uni/subj/pms/assignments/qt/ass1-build/Makefile&quot;  VERBOSE=1 clean" />
         </MakeCommands>
      </Target>
      <Target title="laserRangeFinder">
         <Option output="/lu1/smagri/uni/subj/pms/assignments/qt/ass1-build/laserRangeFinder" prefix_auto="0" extension_auto="0" />
         <Option working_dir="/lu1/smagri/uni/subj/pms/assignments/qt/ass1-build" />
         <Option object_output="./" />
         <Option type="1" />
         <Option compiler="gcc" />
         <Compiler>
            <Add directory="/usr/include" />
            <Add directory="/usr/include/c++/5" />
            <Add directory="/usr/include/c++/5/backward" />
            <Add directory="/usr/include/x86_64-linux-gnu" />
            <Add directory="/usr/include/x86_64-linux-gnu/c++/5" />
            <Add directory="/usr/lib/gcc/x86_64-linux-gnu/5/include" />
            <Add directory="/usr/lib/gcc/x86_64-linux-gnu/5/include-fixed" />
            <Add directory="/usr/local/include" />
         </Compiler>
         <MakeCommands>
            <Build command="/usr/bin/make -f &quot;/lu1/smagri/uni/subj/pms/assignments/qt/ass1-build/Makefile&quot;  VERBOSE=1 laserRangeFinder" />
            <CompileFile command="/usr/bin/make -f &quot;/lu1/smagri/uni/subj/pms/assignments/qt/ass1-build/Makefile&quot;  VERBOSE=1 &quot;$file&quot;" />
            <Clean command="/usr/bin/make -f &quot;/lu1/smagri/uni/subj/pms/assignments/qt/ass1-build/Makefile&quot;  VERBOSE=1 clean" />
            <DistClean command="/usr/bin/make -f &quot;/lu1/smagri/uni/subj/pms/assignments/qt/ass1-build/Makefile&quot;  VERBOSE=1 clean" />
         </MakeCommands>
      </Target>
      <Target title="laserRangeFinder/fast">
         <Option output="/lu1/smagri/uni/subj/pms/assignments/qt/ass1-build/laserRangeFinder" prefix_auto="0" extension_auto="0" />
         <Option working_dir="/lu1/smagri/uni/subj/pms/assignments/qt/ass1-build" />
         <Option object_output="./" />
         <Option type="1" />
         <Option compiler="gcc" />
         <Compiler>
            <Add directory="/usr/include" />
            <Add directory="/usr/include/c++/5" />
            <Add directory="/usr/include/c++/5/backward" />
            <Add directory="/usr/include/x86_64-linux-gnu" />
            <Add directory="/usr/include/x86_64-linux-gnu/c++/5" />
            <Add directory="/usr/lib/gcc/x86_64-linux-gnu/5/include" />
            <Add directory="/usr/lib/gcc/x86_64-linux-gnu/5/include-fixed" />
            <Add directory="/usr/local/include" />
         </Compiler>
         <MakeCommands>
            <Build command="/usr/bin/make -f &quot;/lu1/smagri/uni/subj/pms/assignments/qt/ass1-build/Makefile&quot;  VERBOSE=1 laserRangeFinder/fast" />
            <CompileFile command="/usr/bin/make -f &quot;/lu1/smagri/uni/subj/pms/assignments/qt/ass1-build/Makefile&quot;  VERBOSE=1 &quot;$file&quot;" />
            <Clean command="/usr/bin/make -f &quot;/lu1/smagri/uni/subj/pms/assignments/qt/ass1-build/Makefile&quot;  VERBOSE=1 clean" />
            <DistClean command="/usr/bin/make -f &quot;/lu1/smagri/uni/subj/pms/assignments/qt/ass1-build/Makefile&quot;  VERBOSE=1 clean" />
         </MakeCommands>
      </Target>
      </Build>
      <Unit filename="/lu1/smagri/uni/subj/pms/assignments/qt/ass1/laserRangeFinder.cpp">
         <Option target="laserRangeFinder"/>
      </Unit>
      <Unit filename="/lu1/smagri/uni/subj/pms/assignments/qt/ass1/laserRangeFinder.h">
         <Option target="laserRangeFinder"/>
      </Unit>
      <Unit filename="/lu1/smagri/uni/subj/pms/assignments/qt/ass1/main.cpp">
         <Option target="laserRangeFinder"/>
      </Unit>
      <Unit filename="/lu1/smagri/uni/subj/pms/assignments/qt/ass1/random.cpp">
         <Option target="laserRangeFinder"/>
      </Unit>
      <Unit filename="/lu1/smagri/uni/subj/pms/assignments/qt/ass1/random.h">
         <Option target="laserRangeFinder"/>
      </Unit>
      <Unit filename="/lu1/smagri/uni/subj/pms/assignments/qt/ass1/sensor.cpp">
         <Option target="laserRangeFinder"/>
      </Unit>
      <Unit filename="/lu1/smagri/uni/subj/pms/assignments/qt/ass1/sensor.h">
         <Option target="laserRangeFinder"/>
      </Unit>
      <Unit filename="/lu1/smagri/uni/subj/pms/assignments/qt/ass1/CMakeLists.txt">
          <Option virtualFolder="CMake Files\" />
      </Unit>
   </Project>
</CodeBlocks_project_file>
