<?xml version="1.0" encoding="UTF-8" standalone="yes" ?>
<CodeBlocks_project_file>
   <FileVersion major="1" minor="6" />
   <Project>
      <Option title="task1_condVar" />
      <Option makefile_is_custom="1" />
      <Option compiler="gcc" />
      <Option virtualFolders="CMake Files\;" />
      <Build>
      <Target title="all">
         <Option working_dir="/lu1/smagri/uni/subj/pms/lecturesPlusTutorials/week8/proj/tutorial/task1/condVar/build-condVar" />
         <Option type="4" />
         <MakeCommands>
            <Build command="/usr/bin/make -f &quot;/lu1/smagri/uni/subj/pms/lecturesPlusTutorials/week8/proj/tutorial/task1/condVar/build-condVar/Makefile&quot;  VERBOSE=1 all" />
            <CompileFile command="/usr/bin/make -f &quot;/lu1/smagri/uni/subj/pms/lecturesPlusTutorials/week8/proj/tutorial/task1/condVar/build-condVar/Makefile&quot;  VERBOSE=1 &quot;$file&quot;" />
            <Clean command="/usr/bin/make -f &quot;/lu1/smagri/uni/subj/pms/lecturesPlusTutorials/week8/proj/tutorial/task1/condVar/build-condVar/Makefile&quot;  VERBOSE=1 clean" />
            <DistClean command="/usr/bin/make -f &quot;/lu1/smagri/uni/subj/pms/lecturesPlusTutorials/week8/proj/tutorial/task1/condVar/build-condVar/Makefile&quot;  VERBOSE=1 clean" />
         </MakeCommands>
      </Target>
      <Target title="edit_cache">
         <Option working_dir="/lu1/smagri/uni/subj/pms/lecturesPlusTutorials/week8/proj/tutorial/task1/condVar/build-condVar" />
         <Option type="4" />
         <MakeCommands>
            <Build command="/usr/bin/make -f &quot;/lu1/smagri/uni/subj/pms/lecturesPlusTutorials/week8/proj/tutorial/task1/condVar/build-condVar/Makefile&quot;  VERBOSE=1 edit_cache" />
            <CompileFile command="/usr/bin/make -f &quot;/lu1/smagri/uni/subj/pms/lecturesPlusTutorials/week8/proj/tutorial/task1/condVar/build-condVar/Makefile&quot;  VERBOSE=1 &quot;$file&quot;" />
            <Clean command="/usr/bin/make -f &quot;/lu1/smagri/uni/subj/pms/lecturesPlusTutorials/week8/proj/tutorial/task1/condVar/build-condVar/Makefile&quot;  VERBOSE=1 clean" />
            <DistClean command="/usr/bin/make -f &quot;/lu1/smagri/uni/subj/pms/lecturesPlusTutorials/week8/proj/tutorial/task1/condVar/build-condVar/Makefile&quot;  VERBOSE=1 clean" />
         </MakeCommands>
      </Target>
      <Target title="rebuild_cache">
         <Option working_dir="/lu1/smagri/uni/subj/pms/lecturesPlusTutorials/week8/proj/tutorial/task1/condVar/build-condVar" />
         <Option type="4" />
         <MakeCommands>
            <Build command="/usr/bin/make -f &quot;/lu1/smagri/uni/subj/pms/lecturesPlusTutorials/week8/proj/tutorial/task1/condVar/build-condVar/Makefile&quot;  VERBOSE=1 rebuild_cache" />
            <CompileFile command="/usr/bin/make -f &quot;/lu1/smagri/uni/subj/pms/lecturesPlusTutorials/week8/proj/tutorial/task1/condVar/build-condVar/Makefile&quot;  VERBOSE=1 &quot;$file&quot;" />
            <Clean command="/usr/bin/make -f &quot;/lu1/smagri/uni/subj/pms/lecturesPlusTutorials/week8/proj/tutorial/task1/condVar/build-condVar/Makefile&quot;  VERBOSE=1 clean" />
            <DistClean command="/usr/bin/make -f &quot;/lu1/smagri/uni/subj/pms/lecturesPlusTutorials/week8/proj/tutorial/task1/condVar/build-condVar/Makefile&quot;  VERBOSE=1 clean" />
         </MakeCommands>
      </Target>
      <Target title="condVar">
         <Option output="/lu1/smagri/uni/subj/pms/lecturesPlusTutorials/week8/proj/tutorial/task1/condVar/build-condVar/condVar" prefix_auto="0" extension_auto="0" />
         <Option working_dir="/lu1/smagri/uni/subj/pms/lecturesPlusTutorials/week8/proj/tutorial/task1/condVar/build-condVar" />
         <Option object_output="./" />
         <Option type="1" />
         <Option compiler="gcc" />
         <Compiler>
            <Add directory="/usr/include" />
            <Add directory="/usr/include/c++/5" />
            <Add directory="/usr/include/c++/5/backward" />
            <Add directory="/usr/include/x86_64-linux-gnu" />
            <Add directory="/usr/include/x86_64-linux-gnu/c++/5" />
            <Add directory="/usr/lib/gcc/x86_64-linux-gnu/5/include" />
            <Add directory="/usr/lib/gcc/x86_64-linux-gnu/5/include-fixed" />
            <Add directory="/usr/local/include" />
         </Compiler>
         <MakeCommands>
            <Build command="/usr/bin/make -f &quot;/lu1/smagri/uni/subj/pms/lecturesPlusTutorials/week8/proj/tutorial/task1/condVar/build-condVar/Makefile&quot;  VERBOSE=1 condVar" />
            <CompileFile command="/usr/bin/make -f &quot;/lu1/smagri/uni/subj/pms/lecturesPlusTutorials/week8/proj/tutorial/task1/condVar/build-condVar/Makefile&quot;  VERBOSE=1 &quot;$file&quot;" />
            <Clean command="/usr/bin/make -f &quot;/lu1/smagri/uni/subj/pms/lecturesPlusTutorials/week8/proj/tutorial/task1/condVar/build-condVar/Makefile&quot;  VERBOSE=1 clean" />
            <DistClean command="/usr/bin/make -f &quot;/lu1/smagri/uni/subj/pms/lecturesPlusTutorials/week8/proj/tutorial/task1/condVar/build-condVar/Makefile&quot;  VERBOSE=1 clean" />
         </MakeCommands>
      </Target>
      <Target title="condVar/fast">
         <Option output="/lu1/smagri/uni/subj/pms/lecturesPlusTutorials/week8/proj/tutorial/task1/condVar/build-condVar/condVar" prefix_auto="0" extension_auto="0" />
         <Option working_dir="/lu1/smagri/uni/subj/pms/lecturesPlusTutorials/week8/proj/tutorial/task1/condVar/build-condVar" />
         <Option object_output="./" />
         <Option type="1" />
         <Option compiler="gcc" />
         <Compiler>
            <Add directory="/usr/include" />
            <Add directory="/usr/include/c++/5" />
            <Add directory="/usr/include/c++/5/backward" />
            <Add directory="/usr/include/x86_64-linux-gnu" />
            <Add directory="/usr/include/x86_64-linux-gnu/c++/5" />
            <Add directory="/usr/lib/gcc/x86_64-linux-gnu/5/include" />
            <Add directory="/usr/lib/gcc/x86_64-linux-gnu/5/include-fixed" />
            <Add directory="/usr/local/include" />
         </Compiler>
         <MakeCommands>
            <Build command="/usr/bin/make -f &quot;/lu1/smagri/uni/subj/pms/lecturesPlusTutorials/week8/proj/tutorial/task1/condVar/build-condVar/Makefile&quot;  VERBOSE=1 condVar/fast" />
            <CompileFile command="/usr/bin/make -f &quot;/lu1/smagri/uni/subj/pms/lecturesPlusTutorials/week8/proj/tutorial/task1/condVar/build-condVar/Makefile&quot;  VERBOSE=1 &quot;$file&quot;" />
            <Clean command="/usr/bin/make -f &quot;/lu1/smagri/uni/subj/pms/lecturesPlusTutorials/week8/proj/tutorial/task1/condVar/build-condVar/Makefile&quot;  VERBOSE=1 clean" />
            <DistClean command="/usr/bin/make -f &quot;/lu1/smagri/uni/subj/pms/lecturesPlusTutorials/week8/proj/tutorial/task1/condVar/build-condVar/Makefile&quot;  VERBOSE=1 clean" />
         </MakeCommands>
      </Target>
      </Build>
      <Unit filename="/lu1/smagri/uni/subj/pms/lecturesPlusTutorials/week8/proj/tutorial/task1/condVar/main.cpp">
         <Option target="condVar"/>
      </Unit>
      <Unit filename="/lu1/smagri/uni/subj/pms/lecturesPlusTutorials/week8/proj/tutorial/task1/condVar/CMakeLists.txt">
          <Option virtualFolder="CMake Files\" />
      </Unit>
   </Project>
</CodeBlocks_project_file>
